{
	"name": "tasker",
	"version": "1.0.0",
	"lockfileVersion": 3,
	"requires": true,
	"packages": {
		"": {
			"name": "tasker",
			"version": "1.0.0",
			"license": "MIT",
			"dependencies": {
				"total5": "^0.0.17"
			}
		},
		"node_modules/total5": {
			"version": "0.0.17",
			"resolved": "https://registry.npmjs.org/total5/-/total5-0.0.17.tgz",
			"integrity": "sha512-wLzPqd35v5Z2s0MJkQkAQQGeI7QIc3WVylS4pdQIyDb+cz3xujtMaVFNsBc8hFxOTMcbatB/xMVciVjx4fSA4Q==",
			"license": "MIT",
			"bin": {
				"flow5": "bin/flow5",
				"total5": "bin/total5"
			}
		}
	}
}
